
Microsoft Visual Studio Solution File, Format Version 12.00
# Visual Studio Version 17
VisualStudioVersion = 17.0.31903.59
MinimumVisualStudioVersion = 10.0.40219.1
Project("{FAE04EC0-301F-11D3-BF4B-00C04F79EFBC}") = "api-core", "api-core\api-core.csproj", "{28AB6237-73D8-4146-9838-2896693914FB}"
EndProject
Project("{FAE04EC0-301F-11D3-BF4B-00C04F79EFBC}") = "api-core-library", "api-core-library\api-core-library.csproj", "{AD3C7CD8-C08E-40EF-BE2D-50DB0BA3CAB8}"
EndProject
Global
	GlobalSection(SolutionConfigurationPlatforms) = preSolution
		Debug|Any CPU = Debug|Any CPU
		Release|Any CPU = Release|Any CPU
	EndGlobalSection
	GlobalSection(ProjectConfigurationPlatforms) = postSolution
		{28AB6237-73D8-4146-9838-2896693914FB}.Debug|Any CPU.ActiveCfg = Debug|Any CPU
		{28AB6237-73D8-4146-9838-2896693914FB}.Debug|Any CPU.Build.0 = Debug|Any CPU
		{28AB6237-73D8-4146-9838-2896693914FB}.Release|Any CPU.ActiveCfg = Release|Any CPU
		{28AB6237-73D8-4146-9838-2896693914FB}.Release|Any CPU.Build.0 = Release|Any CPU
		{AD3C7CD8-C08E-40EF-BE2D-50DB0BA3CAB8}.Debug|Any CPU.ActiveCfg = Debug|Any CPU
		{AD3C7CD8-C08E-40EF-BE2D-50DB0BA3CAB8}.Debug|Any CPU.Build.0 = Debug|Any CPU
		{AD3C7CD8-C08E-40EF-BE2D-50DB0BA3CAB8}.Release|Any CPU.ActiveCfg = Release|Any CPU
		{AD3C7CD8-C08E-40EF-BE2D-50DB0BA3CAB8}.Release|Any CPU.Build.0 = Release|Any CPU
	EndGlobalSection
	GlobalSection(SolutionProperties) = preSolution
		HideSolutionNode = FALSE
	EndGlobalSection
EndGlobal
